{
  "name": "@pfmcodes/caret",
  "version": "0.3.0",
  "lockfileVersion": 3,
  "requires": true,
  "packages": {
    "": {
      "name": "@pfmcodes/caret",
      "version": "0.3.0",
      "license": "MIT",
      "dependencies": {
        "@pfmcodes/caret": "^0.3.0"
      }
    },
    "node_modules/@pfmcodes/caret": {
      "version": "0.3.0",
      "resolved": "https://registry.npmjs.org/@pfmcodes/caret/-/caret-0.3.0.tgz",
      "integrity": "sha512-8MFcM8vYB3iqHBmfUJrVYRTrZPeba8vQpyM58ipxfx2xgxc72OiYUsu/nnfAEHimMhRg11dfJQACoMIMJTG7Jw==",
      "license": "MIT"
    }
  }
}
